
Microsoft Visual Studio Solution File, Format Version 12.00
# Visual Studio 15
VisualStudioVersion = 15.0.26430.12
MinimumVisualStudioVersion = 10.0.40219.1
Project("{2150E333-8FDC-42A3-9474-1A3956D46DE8}") = "src", "src", "{BC23361F-A5C5-4115-A3B9-1C3EF0A30909}"
EndProject
Project("{F2A71F9B-5D33-465A-A702-920D77279786}") = "Optimus.Prime", "Optimus.Prime\Optimus.Prime.fsproj", "{45E5A4ED-269E-4F9B-8424-6B564BBAB6A8}"
EndProject
Project("{F2A71F9B-5D33-465A-A702-920D77279786}") = "Optimus.Rollout", "Optimus.Rollout\Optimus.Rollout.fsproj", "{B26A3234-0F83-420B-9045-DA6987D0E6D6}"
EndProject
Global
	GlobalSection(SolutionConfigurationPlatforms) = preSolution
		Debug|Any CPU = Debug|Any CPU
		Release|Any CPU = Release|Any CPU
	EndGlobalSection
	GlobalSection(ProjectConfigurationPlatforms) = postSolution
		{45E5A4ED-269E-4F9B-8424-6B564BBAB6A8}.Debug|Any CPU.ActiveCfg = Debug|Any CPU
		{45E5A4ED-269E-4F9B-8424-6B564BBAB6A8}.Debug|Any CPU.Build.0 = Debug|Any CPU
		{45E5A4ED-269E-4F9B-8424-6B564BBAB6A8}.Release|Any CPU.ActiveCfg = Release|Any CPU
		{45E5A4ED-269E-4F9B-8424-6B564BBAB6A8}.Release|Any CPU.Build.0 = Release|Any CPU
		{B26A3234-0F83-420B-9045-DA6987D0E6D6}.Debug|Any CPU.ActiveCfg = Debug|Any CPU
		{B26A3234-0F83-420B-9045-DA6987D0E6D6}.Debug|Any CPU.Build.0 = Debug|Any CPU
		{B26A3234-0F83-420B-9045-DA6987D0E6D6}.Release|Any CPU.ActiveCfg = Release|Any CPU
		{B26A3234-0F83-420B-9045-DA6987D0E6D6}.Release|Any CPU.Build.0 = Release|Any CPU
	EndGlobalSection
	GlobalSection(SolutionProperties) = preSolution
		HideSolutionNode = FALSE
	EndGlobalSection
	GlobalSection(NestedProjects) = preSolution
		{45E5A4ED-269E-4F9B-8424-6B564BBAB6A8} = {BC23361F-A5C5-4115-A3B9-1C3EF0A30909}
		{B26A3234-0F83-420B-9045-DA6987D0E6D6} = {BC23361F-A5C5-4115-A3B9-1C3EF0A30909}
	EndGlobalSection
EndGlobal
